[[package]]
name = "tomlkit"
version = "0.11.1"
description = "Style preserving TOML library"
category = "main"
optional = false
python-versions = ">=3.6,<4.0"

[metadata]
lock-version = "1.1"
python-versions = "~3.8"
content-hash = "668e4e01d5a40053ef277e6c63866145e2eadcc125e459c12029584161dc3d87"

[metadata.files]
tomlkit = [
    {file = "tomlkit-0.11.1-py3-none-any.whl", hash = "sha256:1c5bebdf19d5051e2e1de6cf70adfc5948d47221f097fcff7a3ffc91e953eaf5"},
    {file = "tomlkit-0.11.1.tar.gz", hash = "sha256:61901f81ff4017951119cd0d1ed9b7af31c821d6845c8c477587bbdcd5e5854e"},
]
