[[package]]
name = "tomlkit"
version = "0.8.0"
description = "Style preserving TOML library"
category = "main"
optional = false
python-versions = ">=3.6,<4.0"

[metadata]
lock-version = "1.1"
python-versions = "~3.8"
content-hash = "15c3c1b8378333addb055fd79ac20dafa60cb8e18141466de183aacf1b398c98"

[metadata.files]
tomlkit = [
    {file = "tomlkit-0.8.0-py3-none-any.whl", hash = "sha256:b824e3466f1d475b2b5f1c392954c6cb7ea04d64354ff7300dc7c14257dc85db"},
    {file = "tomlkit-0.8.0.tar.gz", hash = "sha256:29e84a855712dfe0e88a48f6d05c21118dbafb283bb2eed614d46f80deb8e9a1"},
]
