[[package]]
name = "tomlkit"
version = "0.7.2"
description = "Style preserving TOML library"
category = "main"
optional = false
python-versions = ">=2.7, !=3.0.*, !=3.1.*, !=3.2.*, !=3.3.*, !=3.4.*"

[metadata]
lock-version = "1.1"
python-versions = "~3.8"
content-hash = "a86743a159b7780e5b8d4ee7acace081a7b94b9982eaf07c85c6634fb8eaf933"

[metadata.files]
tomlkit = [
    {file = "tomlkit-0.7.2-py2.py3-none-any.whl", hash = "sha256:173ad840fa5d2aac140528ca1933c29791b79a374a0861a80347f42ec9328117"},
    {file = "tomlkit-0.7.2.tar.gz", hash = "sha256:d7a454f319a7e9bd2e249f239168729327e4dd2d27b17dc68be264ad1ce36754"},
]
